// !$*UTF8*$!
{
	archiveVersion = 1;
	classes = {
	};
	objectVersion = 55;
	objects = {

/* Begin PBXBuildFile section */
		0F3BBEFE28C0E922008C41AA /* AppDelegate.swift in Sources */ = {isa = PBXBuildFile; fileRef = 0F3BBEFD28C0E922008C41AA /* AppDelegate.swift */; };
		0F3BBF0028C0E922008C41AA /* SceneDelegate.swift in Sources */ = {isa = PBXBuildFile; fileRef = 0F3BBEFF28C0E922008C41AA /* SceneDelegate.swift */; };
		0F3BBF0228C0E922008C41AA /* ViewController.swift in Sources */ = {isa = PBXBuildFile; fileRef = 0F3BBF0128C0E922008C41AA /* ViewController.swift */; };
		0F3BBF0728C0E927008C41AA /* Assets.xcassets in Resources */ = {isa = PBXBuildFile; fileRef = 0F3BBF0628C0E927008C41AA /* Assets.xcassets */; };
		0F3BBF0A28C0E927008C41AA /* LaunchScreen.storyboard in Resources */ = {isa = PBXBuildFile; fileRef = 0F3BBF0828C0E927008C41AA /* LaunchScreen.storyboard */; };
		0F3BBF1928C239A0008C41AA /* LoginViewController.swift in Sources */ = {isa = PBXBuildFile; fileRef = 0F3BBF1828C239A0008C41AA /* LoginViewController.swift */; };
		0F3BBF1C28C243EB008C41AA /* XibLoginViewController.swift in Sources */ = {isa = PBXBuildFile; fileRef = 0F3BBF1A28C243EB008C41AA /* XibLoginViewController.swift */; };
		0F3BBF1D28C243EB008C41AA /* XibLoginViewController.xib in Resources */ = {isa = PBXBuildFile; fileRef = 0F3BBF1B28C243EB008C41AA /* XibLoginViewController.xib */; };
		0F3BBF2028C24804008C41AA /* AlkemyTextField.swift in Sources */ = {isa = PBXBuildFile; fileRef = 0F3BBF1F28C24804008C41AA /* AlkemyTextField.swift */; };
		0F3BBF7228C77FAC008C41AA /* TriviaTests.swift in Sources */ = {isa = PBXBuildFile; fileRef = 0F3BBF7128C77FAC008C41AA /* TriviaTests.swift */; };
		0F3BBF8828C8C0F4008C41AA /* Question.swift in Sources */ = {isa = PBXBuildFile; fileRef = 0F3BBF8728C8C0F4008C41AA /* Question.swift */; };
		0F3BBF8A28C8C106008C41AA /* QuestionService.swift in Sources */ = {isa = PBXBuildFile; fileRef = 0F3BBF8928C8C106008C41AA /* QuestionService.swift */; };
		0F3BBF8C28C8C19D008C41AA /* QuetionViewController.swift in Sources */ = {isa = PBXBuildFile; fileRef = 0F3BBF8B28C8C19D008C41AA /* QuetionViewController.swift */; };
		0F3BBF9228C8C661008C41AA /* InfoViewController.swift in Sources */ = {isa = PBXBuildFile; fileRef = 0F3BBF9128C8C661008C41AA /* InfoViewController.swift */; };
		0F3BBF9528C8D3EB008C41AA /* InformationViewController.swift in Sources */ = {isa = PBXBuildFile; fileRef = 0F3BBF9328C8D3EB008C41AA /* InformationViewController.swift */; };
		0F3BBF9628C8D3EB008C41AA /* InformationViewController.xib in Resources */ = {isa = PBXBuildFile; fileRef = 0F3BBF9428C8D3EB008C41AA /* InformationViewController.xib */; };
		0F3BBF9828C8D8E0008C41AA /* InfoView.swift in Sources */ = {isa = PBXBuildFile; fileRef = 0F3BBF9728C8D8E0008C41AA /* InfoView.swift */; };
		0F3BBF9A28C8DC80008C41AA /* QuestionViewModel.swift in Sources */ = {isa = PBXBuildFile; fileRef = 0F3BBF9928C8DC80008C41AA /* QuestionViewModel.swift */; };
		0F3BBF9C28C8DC92008C41AA /* QuestionView.swift in Sources */ = {isa = PBXBuildFile; fileRef = 0F3BBF9B28C8DC92008C41AA /* QuestionView.swift */; };
/* End PBXBuildFile section */

/* Begin PBXContainerItemProxy section */
		0F3BBF7328C77FAC008C41AA /* PBXContainerItemProxy */ = {
			isa = PBXContainerItemProxy;
			containerPortal = 0F3BBEF228C0E922008C41AA /* Project object */;
			proxyType = 1;
			remoteGlobalIDString = 0F3BBEF928C0E922008C41AA;
			remoteInfo = Trivia;
		};
/* End PBXContainerItemProxy section */

/* Begin PBXFileReference section */
		0F3BBEFA28C0E922008C41AA /* Trivia.app */ = {isa = PBXFileReference; explicitFileType = wrapper.application; includeInIndex = 0; path = Trivia.app; sourceTree = BUILT_PRODUCTS_DIR; };
		0F3BBEFD28C0E922008C41AA /* AppDelegate.swift */ = {isa = PBXFileReference; lastKnownFileType = sourcecode.swift; path = AppDelegate.swift; sourceTree = "<group>"; };
		0F3BBEFF28C0E922008C41AA /* SceneDelegate.swift */ = {isa = PBXFileReference; lastKnownFileType = sourcecode.swift; path = SceneDelegate.swift; sourceTree = "<group>"; };
		0F3BBF0128C0E922008C41AA /* ViewController.swift */ = {isa = PBXFileReference; lastKnownFileType = sourcecode.swift; path = ViewController.swift; sourceTree = "<group>"; };
		0F3BBF0628C0E927008C41AA /* Assets.xcassets */ = {isa = PBXFileReference; lastKnownFileType = folder.assetcatalog; path = Assets.xcassets; sourceTree = "<group>"; };
		0F3BBF0928C0E927008C41AA /* Base */ = {isa = PBXFileReference; lastKnownFileType = file.storyboard; name = Base; path = Base.lproj/LaunchScreen.storyboard; sourceTree = "<group>"; };
		0F3BBF0B28C0E927008C41AA /* Info.plist */ = {isa = PBXFileReference; lastKnownFileType = text.plist.xml; path = Info.plist; sourceTree = "<group>"; };
		0F3BBF1828C239A0008C41AA /* LoginViewController.swift */ = {isa = PBXFileReference; lastKnownFileType = sourcecode.swift; path = LoginViewController.swift; sourceTree = "<group>"; };
		0F3BBF1A28C243EB008C41AA /* XibLoginViewController.swift */ = {isa = PBXFileReference; lastKnownFileType = sourcecode.swift; path = XibLoginViewController.swift; sourceTree = "<group>"; };
		0F3BBF1B28C243EB008C41AA /* XibLoginViewController.xib */ = {isa = PBXFileReference; lastKnownFileType = file.xib; path = XibLoginViewController.xib; sourceTree = "<group>"; };
		0F3BBF1F28C24804008C41AA /* AlkemyTextField.swift */ = {isa = PBXFileReference; lastKnownFileType = sourcecode.swift; path = AlkemyTextField.swift; sourceTree = "<group>"; };
		0F3BBF6F28C77FAC008C41AA /* TriviaTests.xctest */ = {isa = PBXFileReference; explicitFileType = wrapper.cfbundle; includeInIndex = 0; path = TriviaTests.xctest; sourceTree = BUILT_PRODUCTS_DIR; };
		0F3BBF7128C77FAC008C41AA /* TriviaTests.swift */ = {isa = PBXFileReference; lastKnownFileType = sourcecode.swift; path = TriviaTests.swift; sourceTree = "<group>"; };
		0F3BBF8728C8C0F4008C41AA /* Question.swift */ = {isa = PBXFileReference; lastKnownFileType = sourcecode.swift; path = Question.swift; sourceTree = "<group>"; };
		0F3BBF8928C8C106008C41AA /* QuestionService.swift */ = {isa = PBXFileReference; lastKnownFileType = sourcecode.swift; path = QuestionService.swift; sourceTree = "<group>"; };
		0F3BBF8B28C8C19D008C41AA /* QuetionViewController.swift */ = {isa = PBXFileReference; lastKnownFileType = sourcecode.swift; path = QuetionViewController.swift; sourceTree = "<group>"; };
		0F3BBF9128C8C661008C41AA /* InfoViewController.swift */ = {isa = PBXFileReference; lastKnownFileType = sourcecode.swift; path = InfoViewController.swift; sourceTree = "<group>"; };
		0F3BBF9328C8D3EB008C41AA /* InformationViewController.swift */ = {isa = PBXFileReference; lastKnownFileType = sourcecode.swift; path = InformationViewController.swift; sourceTree = "<group>"; };
		0F3BBF9428C8D3EB008C41AA /* InformationViewController.xib */ = {isa = PBXFileReference; lastKnownFileType = file.xib; path = InformationViewController.xib; sourceTree = "<group>"; };
		0F3BBF9728C8D8E0008C41AA /* InfoView.swift */ = {isa = PBXFileReference; lastKnownFileType = sourcecode.swift; path = InfoView.swift; sourceTree = "<group>"; };
		0F3BBF9928C8DC80008C41AA /* QuestionViewModel.swift */ = {isa = PBXFileReference; lastKnownFileType = sourcecode.swift; path = QuestionViewModel.swift; sourceTree = "<group>"; };
		0F3BBF9B28C8DC92008C41AA /* QuestionView.swift */ = {isa = PBXFileReference; lastKnownFileType = sourcecode.swift; path = QuestionView.swift; sourceTree = "<group>"; };
/* End PBXFileReference section */

/* Begin PBXFrameworksBuildPhase section */
		0F3BBEF728C0E922008C41AA /* Frameworks */ = {
			isa = PBXFrameworksBuildPhase;
			buildActionMask = 2147483647;
			files = (
			);
			runOnlyForDeploymentPostprocessing = 0;
		};
		0F3BBF6C28C77FAC008C41AA /* Frameworks */ = {
			isa = PBXFrameworksBuildPhase;
			buildActionMask = 2147483647;
			files = (
			);
			runOnlyForDeploymentPostprocessing = 0;
		};
/* End PBXFrameworksBuildPhase section */

/* Begin PBXGroup section */
		0F3BBEF128C0E922008C41AA = {
			isa = PBXGroup;
			children = (
				0F3BBEFC28C0E922008C41AA /* Trivia */,
				0F3BBF7028C77FAC008C41AA /* TriviaTests */,
				0F3BBEFB28C0E922008C41AA /* Products */,
			);
			sourceTree = "<group>";
		};
		0F3BBEFB28C0E922008C41AA /* Products */ = {
			isa = PBXGroup;
			children = (
				0F3BBEFA28C0E922008C41AA /* Trivia.app */,
				0F3BBF6F28C77FAC008C41AA /* TriviaTests.xctest */,
			);
			name = Products;
			sourceTree = "<group>";
		};
		0F3BBEFC28C0E922008C41AA /* Trivia */ = {
			isa = PBXGroup;
			children = (
				0F3BBF1328C238EA008C41AA /* App */,
				0F3BBEFD28C0E922008C41AA /* AppDelegate.swift */,
				0F3BBEFF28C0E922008C41AA /* SceneDelegate.swift */,
				0F3BBF0128C0E922008C41AA /* ViewController.swift */,
				0F3BBF0628C0E927008C41AA /* Assets.xcassets */,
				0F3BBF0828C0E927008C41AA /* LaunchScreen.storyboard */,
				0F3BBF0B28C0E927008C41AA /* Info.plist */,
			);
			path = Trivia;
			sourceTree = "<group>";
		};
		0F3BBF1328C238EA008C41AA /* App */ = {
			isa = PBXGroup;
			children = (
				0F3BBF1528C238FF008C41AA /* Shared */,
				0F3BBF1428C238F4008C41AA /* Modules */,
			);
			path = App;
			sourceTree = "<group>";
		};
		0F3BBF1428C238F4008C41AA /* Modules */ = {
			isa = PBXGroup;
			children = (
				0F3BBF8D28C8C1E0008C41AA /* Information */,
				0F3BBF8128C8C09A008C41AA /* Question */,
				0F3BBF1628C2391F008C41AA /* Login */,
			);
			path = Modules;
			sourceTree = "<group>";
		};
		0F3BBF1528C238FF008C41AA /* Shared */ = {
			isa = PBXGroup;
			children = (
				0F3BBF8628C8C0E6008C41AA /* Models */,
				0F3BBF1E28C247F1008C41AA /* Components */,
			);
			path = Shared;
			sourceTree = "<group>";
		};
		0F3BBF1628C2391F008C41AA /* Login */ = {
			isa = PBXGroup;
			children = (
				0F3BBF8028C8C087008C41AA /* Model */,
				0F3BBF1728C2392E008C41AA /* View */,
			);
			path = Login;
			sourceTree = "<group>";
		};
		0F3BBF1728C2392E008C41AA /* View */ = {
			isa = PBXGroup;
			children = (
				0F3BBF1828C239A0008C41AA /* LoginViewController.swift */,
				0F3BBF1A28C243EB008C41AA /* XibLoginViewController.swift */,
				0F3BBF1B28C243EB008C41AA /* XibLoginViewController.xib */,
			);
			path = View;
			sourceTree = "<group>";
		};
		0F3BBF1E28C247F1008C41AA /* Components */ = {
			isa = PBXGroup;
			children = (
				0F3BBF1F28C24804008C41AA /* AlkemyTextField.swift */,
			);
			path = Components;
			sourceTree = "<group>";
		};
		0F3BBF7028C77FAC008C41AA /* TriviaTests */ = {
			isa = PBXGroup;
			children = (
				0F3BBF7128C77FAC008C41AA /* TriviaTests.swift */,
			);
			path = TriviaTests;
			sourceTree = "<group>";
		};
		0F3BBF8028C8C087008C41AA /* Model */ = {
			isa = PBXGroup;
			children = (
			);
			path = Model;
			sourceTree = "<group>";
		};
		0F3BBF8128C8C09A008C41AA /* Question */ = {
			isa = PBXGroup;
			children = (
				0F3BBF8528C8C0CA008C41AA /* ViewModel */,
				0F3BBF8428C8C0BD008C41AA /* Service */,
				0F3BBF8228C8C0A0008C41AA /* View */,
			);
			path = Question;
			sourceTree = "<group>";
		};
		0F3BBF8228C8C0A0008C41AA /* View */ = {
			isa = PBXGroup;
			children = (
				0F3BBF8B28C8C19D008C41AA /* QuetionViewController.swift */,
				0F3BBF9B28C8DC92008C41AA /* QuestionView.swift */,
			);
			path = View;
			sourceTree = "<group>";
		};
		0F3BBF8428C8C0BD008C41AA /* Service */ = {
			isa = PBXGroup;
			children = (
				0F3BBF8928C8C106008C41AA /* QuestionService.swift */,
			);
			path = Service;
			sourceTree = "<group>";
		};
		0F3BBF8528C8C0CA008C41AA /* ViewModel */ = {
			isa = PBXGroup;
			children = (
				0F3BBF9928C8DC80008C41AA /* QuestionViewModel.swift */,
			);
			path = ViewModel;
			sourceTree = "<group>";
		};
		0F3BBF8628C8C0E6008C41AA /* Models */ = {
			isa = PBXGroup;
			children = (
				0F3BBF8728C8C0F4008C41AA /* Question.swift */,
			);
			path = Models;
			sourceTree = "<group>";
		};
		0F3BBF8D28C8C1E0008C41AA /* Information */ = {
			isa = PBXGroup;
			children = (
				0F3BBF9028C8C64E008C41AA /* View */,
			);
			path = Information;
			sourceTree = "<group>";
		};
		0F3BBF9028C8C64E008C41AA /* View */ = {
			isa = PBXGroup;
			children = (
				0F3BBF9728C8D8E0008C41AA /* InfoView.swift */,
				0F3BBF9128C8C661008C41AA /* InfoViewController.swift */,
				0F3BBF9328C8D3EB008C41AA /* InformationViewController.swift */,
				0F3BBF9428C8D3EB008C41AA /* InformationViewController.xib */,
			);
			path = View;
			sourceTree = "<group>";
		};
/* End PBXGroup section */

/* Begin PBXNativeTarget section */
		0F3BBEF928C0E922008C41AA /* Trivia */ = {
			isa = PBXNativeTarget;
			buildConfigurationList = 0F3BBF0E28C0E927008C41AA /* Build configuration list for PBXNativeTarget "Trivia" */;
			buildPhases = (
				0F3BBEF628C0E922008C41AA /* Sources */,
				0F3BBEF728C0E922008C41AA /* Frameworks */,
				0F3BBEF828C0E922008C41AA /* Resources */,
			);
			buildRules = (
			);
			dependencies = (
			);
			name = Trivia;
			productName = Trivia;
			productReference = 0F3BBEFA28C0E922008C41AA /* Trivia.app */;
			productType = "com.apple.product-type.application";
		};
		0F3BBF6E28C77FAC008C41AA /* TriviaTests */ = {
			isa = PBXNativeTarget;
			buildConfigurationList = 0F3BBF7728C77FAC008C41AA /* Build configuration list for PBXNativeTarget "TriviaTests" */;
			buildPhases = (
				0F3BBF6B28C77FAC008C41AA /* Sources */,
				0F3BBF6C28C77FAC008C41AA /* Frameworks */,
				0F3BBF6D28C77FAC008C41AA /* Resources */,
			);
			buildRules = (
			);
			dependencies = (
				0F3BBF7428C77FAC008C41AA /* PBXTargetDependency */,
			);
			name = TriviaTests;
			productName = TriviaTests;
			productReference = 0F3BBF6F28C77FAC008C41AA /* TriviaTests.xctest */;
			productType = "com.apple.product-type.bundle.unit-test";
		};
/* End PBXNativeTarget section */

/* Begin PBXProject section */
		0F3BBEF228C0E922008C41AA /* Project object */ = {
			isa = PBXProject;
			attributes = {
				BuildIndependentTargetsInParallel = 1;
				LastSwiftUpdateCheck = 1340;
				LastUpgradeCheck = 1340;
				TargetAttributes = {
					0F3BBEF928C0E922008C41AA = {
						CreatedOnToolsVersion = 13.4.1;
					};
					0F3BBF6E28C77FAC008C41AA = {
						CreatedOnToolsVersion = 13.4.1;
						TestTargetID = 0F3BBEF928C0E922008C41AA;
					};
				};
			};
			buildConfigurationList = 0F3BBEF528C0E922008C41AA /* Build configuration list for PBXProject "Trivia" */;
			compatibilityVersion = "Xcode 13.0";
			developmentRegion = en;
			hasScannedForEncodings = 0;
			knownRegions = (
				en,
				Base,
			);
			mainGroup = 0F3BBEF128C0E922008C41AA;
			productRefGroup = 0F3BBEFB28C0E922008C41AA /* Products */;
			projectDirPath = "";
			projectRoot = "";
			targets = (
				0F3BBEF928C0E922008C41AA /* Trivia */,
				0F3BBF6E28C77FAC008C41AA /* TriviaTests */,
			);
		};
/* End PBXProject section */

/* Begin PBXResourcesBuildPhase section */
		0F3BBEF828C0E922008C41AA /* Resources */ = {
			isa = PBXResourcesBuildPhase;
			buildActionMask = 2147483647;
			files = (
				0F3BBF0A28C0E927008C41AA /* LaunchScreen.storyboard in Resources */,
				0F3BBF0728C0E927008C41AA /* Assets.xcassets in Resources */,
				0F3BBF1D28C243EB008C41AA /* XibLoginViewController.xib in Resources */,
				0F3BBF9628C8D3EB008C41AA /* InformationViewController.xib in Resources */,
			);
			runOnlyForDeploymentPostprocessing = 0;
		};
		0F3BBF6D28C77FAC008C41AA /* Resources */ = {
			isa = PBXResourcesBuildPhase;
			buildActionMask = 2147483647;
			files = (
			);
			runOnlyForDeploymentPostprocessing = 0;
		};
/* End PBXResourcesBuildPhase section */

/* Begin PBXSourcesBuildPhase section */
		0F3BBEF628C0E922008C41AA /* Sources */ = {
			isa = PBXSourcesBuildPhase;
			buildActionMask = 2147483647;
			files = (
				0F3BBF1C28C243EB008C41AA /* XibLoginViewController.swift in Sources */,
				0F3BBF9528C8D3EB008C41AA /* InformationViewController.swift in Sources */,
				0F3BBF8A28C8C106008C41AA /* QuestionService.swift in Sources */,
				0F3BBF1928C239A0008C41AA /* LoginViewController.swift in Sources */,
				0F3BBF9828C8D8E0008C41AA /* InfoView.swift in Sources */,
				0F3BBF0228C0E922008C41AA /* ViewController.swift in Sources */,
				0F3BBF9228C8C661008C41AA /* InfoViewController.swift in Sources */,
				0F3BBEFE28C0E922008C41AA /* AppDelegate.swift in Sources */,
				0F3BBF2028C24804008C41AA /* AlkemyTextField.swift in Sources */,
				0F3BBF8C28C8C19D008C41AA /* QuetionViewController.swift in Sources */,
				0F3BBF9C28C8DC92008C41AA /* QuestionView.swift in Sources */,
				0F3BBF9A28C8DC80008C41AA /* QuestionViewModel.swift in Sources */,
				0F3BBF8828C8C0F4008C41AA /* Question.swift in Sources */,
				0F3BBF0028C0E922008C41AA /* SceneDelegate.swift in Sources */,
			);
			runOnlyForDeploymentPostprocessing = 0;
		};
		0F3BBF6B28C77FAC008C41AA /* Sources */ = {
			isa = PBXSourcesBuildPhase;
			buildActionMask = 2147483647;
			files = (
				0F3BBF7228C77FAC008C41AA /* TriviaTests.swift in Sources */,
			);
			runOnlyForDeploymentPostprocessing = 0;
		};
/* End PBXSourcesBuildPhase section */

/* Begin PBXTargetDependency section */
		0F3BBF7428C77FAC008C41AA /* PBXTargetDependency */ = {
			isa = PBXTargetDependency;
			target = 0F3BBEF928C0E922008C41AA /* Trivia */;
			targetProxy = 0F3BBF7328C77FAC008C41AA /* PBXContainerItemProxy */;
		};
/* End PBXTargetDependency section */

/* Begin PBXVariantGroup section */
		0F3BBF0828C0E927008C41AA /* LaunchScreen.storyboard */ = {
			isa = PBXVariantGroup;
			children = (
				0F3BBF0928C0E927008C41AA /* Base */,
			);
			name = LaunchScreen.storyboard;
			sourceTree = "<group>";
		};
/* End PBXVariantGroup section */

/* Begin XCBuildConfiguration section */
		0F3BBF0C28C0E927008C41AA /* Debug */ = {
			isa = XCBuildConfiguration;
			buildSettings = {
				ALWAYS_SEARCH_USER_PATHS = NO;
				CLANG_ANALYZER_NONNULL = YES;
				CLANG_ANALYZER_NUMBER_OBJECT_CONVERSION = YES_AGGRESSIVE;
				CLANG_CXX_LANGUAGE_STANDARD = "gnu++17";
				CLANG_ENABLE_MODULES = YES;
				CLANG_ENABLE_OBJC_ARC = YES;
				CLANG_ENABLE_OBJC_WEAK = YES;
				CLANG_WARN_BLOCK_CAPTURE_AUTORELEASING = YES;
				CLANG_WARN_BOOL_CONVERSION = YES;
				CLANG_WARN_COMMA = YES;
				CLANG_WARN_CONSTANT_CONVERSION = YES;
				CLANG_WARN_DEPRECATED_OBJC_IMPLEMENTATIONS = YES;
				CLANG_WARN_DIRECT_OBJC_ISA_USAGE = YES_ERROR;
				CLANG_WARN_DOCUMENTATION_COMMENTS = YES;
				CLANG_WARN_EMPTY_BODY = YES;
				CLANG_WARN_ENUM_CONVERSION = YES;
				CLANG_WARN_INFINITE_RECURSION = YES;
				CLANG_WARN_INT_CONVERSION = YES;
				CLANG_WARN_NON_LITERAL_NULL_CONVERSION = YES;
				CLANG_WARN_OBJC_IMPLICIT_RETAIN_SELF = YES;
				CLANG_WARN_OBJC_LITERAL_CONVERSION = YES;
				CLANG_WARN_OBJC_ROOT_CLASS = YES_ERROR;
				CLANG_WARN_QUOTED_INCLUDE_IN_FRAMEWORK_HEADER = YES;
				CLANG_WARN_RANGE_LOOP_ANALYSIS = YES;
				CLANG_WARN_STRICT_PROTOTYPES = YES;
				CLANG_WARN_SUSPICIOUS_MOVE = YES;
				CLANG_WARN_UNGUARDED_AVAILABILITY = YES_AGGRESSIVE;
				CLANG_WARN_UNREACHABLE_CODE = YES;
				CLANG_WARN__DUPLICATE_METHOD_MATCH = YES;
				COPY_PHASE_STRIP = NO;
				DEBUG_INFORMATION_FORMAT = dwarf;
				ENABLE_STRICT_OBJC_MSGSEND = YES;
				ENABLE_TESTABILITY = YES;
				GCC_C_LANGUAGE_STANDARD = gnu11;
				GCC_DYNAMIC_NO_PIC = NO;
				GCC_NO_COMMON_BLOCKS = YES;
				GCC_OPTIMIZATION_LEVEL = 0;
				GCC_PREPROCESSOR_DEFINITIONS = (
					"DEBUG=1",
					"$(inherited)",
				);
				GCC_WARN_64_TO_32_BIT_CONVERSION = YES;
				GCC_WARN_ABOUT_RETURN_TYPE = YES_ERROR;
				GCC_WARN_UNDECLARED_SELECTOR = YES;
				GCC_WARN_UNINITIALIZED_AUTOS = YES_AGGRESSIVE;
				GCC_WARN_UNUSED_FUNCTION = YES;
				GCC_WARN_UNUSED_VARIABLE = YES;
				IPHONEOS_DEPLOYMENT_TARGET = 15.5;
				MTL_ENABLE_DEBUG_INFO = INCLUDE_SOURCE;
				MTL_FAST_MATH = YES;
				ONLY_ACTIVE_ARCH = YES;
				SDKROOT = iphoneos;
				SWIFT_ACTIVE_COMPILATION_CONDITIONS = DEBUG;
				SWIFT_OPTIMIZATION_LEVEL = "-Onone";
			};
			name = Debug;
		};
		0F3BBF0D28C0E927008C41AA /* Release */ = {
			isa = XCBuildConfiguration;
			buildSettings = {
				ALWAYS_SEARCH_USER_PATHS = NO;
				CLANG_ANALYZER_NONNULL = YES;
				CLANG_ANALYZER_NUMBER_OBJECT_CONVERSION = YES_AGGRESSIVE;
				CLANG_CXX_LANGUAGE_STANDARD = "gnu++17";
				CLANG_ENABLE_MODULES = YES;
				CLANG_ENABLE_OBJC_ARC = YES;
				CLANG_ENABLE_OBJC_WEAK = YES;
				CLANG_WARN_BLOCK_CAPTURE_AUTORELEASING = YES;
				CLANG_WARN_BOOL_CONVERSION = YES;
				CLANG_WARN_COMMA = YES;
				CLANG_WARN_CONSTANT_CONVERSION = YES;
				CLANG_WARN_DEPRECATED_OBJC_IMPLEMENTATIONS = YES;
				CLANG_WARN_DIRECT_OBJC_ISA_USAGE = YES_ERROR;
				CLANG_WARN_DOCUMENTATION_COMMENTS = YES;
				CLANG_WARN_EMPTY_BODY = YES;
				CLANG_WARN_ENUM_CONVERSION = YES;
				CLANG_WARN_INFINITE_RECURSION = YES;
				CLANG_WARN_INT_CONVERSION = YES;
				CLANG_WARN_NON_LITERAL_NULL_CONVERSION = YES;
				CLANG_WARN_OBJC_IMPLICIT_RETAIN_SELF = YES;
				CLANG_WARN_OBJC_LITERAL_CONVERSION = YES;
				CLANG_WARN_OBJC_ROOT_CLASS = YES_ERROR;
				CLANG_WARN_QUOTED_INCLUDE_IN_FRAMEWORK_HEADER = YES;
				CLANG_WARN_RANGE_LOOP_ANALYSIS = YES;
				CLANG_WARN_STRICT_PROTOTYPES = YES;
				CLANG_WARN_SUSPICIOUS_MOVE = YES;
				CLANG_WARN_UNGUARDED_AVAILABILITY = YES_AGGRESSIVE;
				CLANG_WARN_UNREACHABLE_CODE = YES;
				CLANG_WARN__DUPLICATE_METHOD_MATCH = YES;
				COPY_PHASE_STRIP = NO;
				DEBUG_INFORMATION_FORMAT = "dwarf-with-dsym";
				ENABLE_NS_ASSERTIONS = NO;
				ENABLE_STRICT_OBJC_MSGSEND = YES;
				GCC_C_LANGUAGE_STANDARD = gnu11;
				GCC_NO_COMMON_BLOCKS = YES;
				GCC_WARN_64_TO_32_BIT_CONVERSION = YES;
				GCC_WARN_ABOUT_RETURN_TYPE = YES_ERROR;
				GCC_WARN_UNDECLARED_SELECTOR = YES;
				GCC_WARN_UNINITIALIZED_AUTOS = YES_AGGRESSIVE;
				GCC_WARN_UNUSED_FUNCTION = YES;
				GCC_WARN_UNUSED_VARIABLE = YES;
				IPHONEOS_DEPLOYMENT_TARGET = 15.5;
				MTL_ENABLE_DEBUG_INFO = NO;
				MTL_FAST_MATH = YES;
				SDKROOT = iphoneos;
				SWIFT_COMPILATION_MODE = wholemodule;
				SWIFT_OPTIMIZATION_LEVEL = "-O";
				VALIDATE_PRODUCT = YES;
			};
			name = Release;
		};
		0F3BBF0F28C0E927008C41AA /* Debug */ = {
			isa = XCBuildConfiguration;
			buildSettings = {
				ASSETCATALOG_COMPILER_APPICON_NAME = AppIcon;
				ASSETCATALOG_COMPILER_GLOBAL_ACCENT_COLOR_NAME = AccentColor;
				CODE_SIGN_STYLE = Automatic;
				CURRENT_PROJECT_VERSION = 3409;
				DEVELOPMENT_TEAM = Z8Z49NKMUP;
				GENERATE_INFOPLIST_FILE = YES;
				INFOPLIST_FILE = Trivia/Info.plist;
				INFOPLIST_KEY_UIApplicationSupportsIndirectInputEvents = YES;
				INFOPLIST_KEY_UILaunchStoryboardName = LaunchScreen;
				INFOPLIST_KEY_UISupportedInterfaceOrientations_iPad = "UIInterfaceOrientationPortrait UIInterfaceOrientationPortraitUpsideDown UIInterfaceOrientationLandscapeLeft UIInterfaceOrientationLandscapeRight";
				INFOPLIST_KEY_UISupportedInterfaceOrientations_iPhone = "UIInterfaceOrientationPortrait UIInterfaceOrientationLandscapeLeft UIInterfaceOrientationLandscapeRight";
				LD_RUNPATH_SEARCH_PATHS = (
					"$(inherited)",
					"@executable_path/Frameworks",
				);
				MARKETING_VERSION = 2.0;
				PRODUCT_BUNDLE_IDENTIFIER = com.nievesjesus.Trivia;
				PRODUCT_NAME = "$(TARGET_NAME)";
				SWIFT_EMIT_LOC_STRINGS = YES;
				SWIFT_VERSION = 5.0;
				TARGETED_DEVICE_FAMILY = 1;
			};
			name = Debug;
		};
		0F3BBF1028C0E927008C41AA /* Release */ = {
			isa = XCBuildConfiguration;
			buildSettings = {
				ASSETCATALOG_COMPILER_APPICON_NAME = AppIcon;
				ASSETCATALOG_COMPILER_GLOBAL_ACCENT_COLOR_NAME = AccentColor;
				CODE_SIGN_STYLE = Automatic;
				CURRENT_PROJECT_VERSION = 3409;
				DEVELOPMENT_TEAM = Z8Z49NKMUP;
				GENERATE_INFOPLIST_FILE = YES;
				INFOPLIST_FILE = Trivia/Info.plist;
				INFOPLIST_KEY_UIApplicationSupportsIndirectInputEvents = YES;
				INFOPLIST_KEY_UILaunchStoryboardName = LaunchScreen;
				INFOPLIST_KEY_UISupportedInterfaceOrientations_iPad = "UIInterfaceOrientationPortrait UIInterfaceOrientationPortraitUpsideDown UIInterfaceOrientationLandscapeLeft UIInterfaceOrientationLandscapeRight";
				INFOPLIST_KEY_UISupportedInterfaceOrientations_iPhone = "UIInterfaceOrientationPortrait UIInterfaceOrientationLandscapeLeft UIInterfaceOrientationLandscapeRight";
				LD_RUNPATH_SEARCH_PATHS = (
					"$(inherited)",
					"@executable_path/Frameworks",
				);
				MARKETING_VERSION = 2.0;
				PRODUCT_BUNDLE_IDENTIFIER = com.nievesjesus.Trivia;
				PRODUCT_NAME = "$(TARGET_NAME)";
				SWIFT_EMIT_LOC_STRINGS = YES;
				SWIFT_VERSION = 5.0;
				TARGETED_DEVICE_FAMILY = 1;
			};
			name = Release;
		};
		0F3BBF7528C77FAC008C41AA /* Debug */ = {
			isa = XCBuildConfiguration;
			buildSettings = {
				BUNDLE_LOADER = "$(TEST_HOST)";
				CODE_SIGN_STYLE = Automatic;
				CURRENT_PROJECT_VERSION = 1;
				DEVELOPMENT_TEAM = Z8Z49NKMUP;
				GENERATE_INFOPLIST_FILE = YES;
				MARKETING_VERSION = 1.0;
				PRODUCT_BUNDLE_IDENTIFIER = com.nievesjesus.TriviaTests;
				PRODUCT_NAME = "$(TARGET_NAME)";
				SWIFT_EMIT_LOC_STRINGS = NO;
				SWIFT_VERSION = 5.0;
				TARGETED_DEVICE_FAMILY = "1,2";
				TEST_HOST = "$(BUILT_PRODUCTS_DIR)/Trivia.app/Trivia";
			};
			name = Debug;
		};
		0F3BBF7628C77FAC008C41AA /* Release */ = {
			isa = XCBuildConfiguration;
			buildSettings = {
				BUNDLE_LOADER = "$(TEST_HOST)";
				CODE_SIGN_STYLE = Automatic;
				CURRENT_PROJECT_VERSION = 1;
				DEVELOPMENT_TEAM = Z8Z49NKMUP;
				GENERATE_INFOPLIST_FILE = YES;
				MARKETING_VERSION = 1.0;
				PRODUCT_BUNDLE_IDENTIFIER = com.nievesjesus.TriviaTests;
				PRODUCT_NAME = "$(TARGET_NAME)";
				SWIFT_EMIT_LOC_STRINGS = NO;
				SWIFT_VERSION = 5.0;
				TARGETED_DEVICE_FAMILY = "1,2";
				TEST_HOST = "$(BUILT_PRODUCTS_DIR)/Trivia.app/Trivia";
			};
			name = Release;
		};
/* End XCBuildConfiguration section */

/* Begin XCConfigurationList section */
		0F3BBEF528C0E922008C41AA /* Build configuration list for PBXProject "Trivia" */ = {
			isa = XCConfigurationList;
			buildConfigurations = (
				0F3BBF0C28C0E927008C41AA /* Debug */,
				0F3BBF0D28C0E927008C41AA /* Release */,
			);
			defaultConfigurationIsVisible = 0;
			defaultConfigurationName = Release;
		};
		0F3BBF0E28C0E927008C41AA /* Build configuration list for PBXNativeTarget "Trivia" */ = {
			isa = XCConfigurationList;
			buildConfigurations = (
				0F3BBF0F28C0E927008C41AA /* Debug */,
				0F3BBF1028C0E927008C41AA /* Release */,
			);
			defaultConfigurationIsVisible = 0;
			defaultConfigurationName = Release;
		};
		0F3BBF7728C77FAC008C41AA /* Build configuration list for PBXNativeTarget "TriviaTests" */ = {
			isa = XCConfigurationList;
			buildConfigurations = (
				0F3BBF7528C77FAC008C41AA /* Debug */,
				0F3BBF7628C77FAC008C41AA /* Release */,
			);
			defaultConfigurationIsVisible = 0;
			defaultConfigurationName = Release;
		};
/* End XCConfigurationList section */
	};
	rootObject = 0F3BBEF228C0E922008C41AA /* Project object */;
}
